
Microsoft Visual Studio Solution File, Format Version 12.00
# Visual Studio 2015
Project("{FAE04EC0-301F-11D3-BF4B-00C04F79EFBC}") = "2Dgame.CSharp", "2Dgame.CSharp.csproj", "{1A3D537B-9F27-FFDE-FBDB-A331E5EDC59E}"
EndProject
Global
	GlobalSection(SolutionConfigurationPlatforms) = preSolution
		Debug|Any CPU = Debug|Any CPU
		Release|Any CPU = Release|Any CPU
	EndGlobalSection
	GlobalSection(ProjectConfigurationPlatforms) = postSolution
		{1A3D537B-9F27-FFDE-FBDB-A331E5EDC59E}.Debug|Any CPU.ActiveCfg = Debug|Any CPU
		{1A3D537B-9F27-FFDE-FBDB-A331E5EDC59E}.Debug|Any CPU.Build.0 = Debug|Any CPU
		{1A3D537B-9F27-FFDE-FBDB-A331E5EDC59E}.Release|Any CPU.ActiveCfg = Release|Any CPU
		{1A3D537B-9F27-FFDE-FBDB-A331E5EDC59E}.Release|Any CPU.Build.0 = Release|Any CPU
	EndGlobalSection
	GlobalSection(SolutionProperties) = preSolution
		HideSolutionNode = FALSE
	EndGlobalSection
EndGlobal
